
Microsoft Visual Studio Solution File, Format Version 12.00
# Visual Studio 14
VisualStudioVersion = 14.0.24720.0
MinimumVisualStudioVersion = 10.0.40219.1
Project("{2150E333-8FDC-42A3-9474-1A3956D46DE8}") = "Project", "Project", "{1A5A5BF3-1A85-4B08-90A3-C40E502FDA92}"
	ProjectSection(SolutionItems) = preProject
		api.raml = api.raml
	EndProjectSection
EndProject
Project("{FAE04EC0-301F-11D3-BF4B-00C04F79EFBC}") = "RAMLDemo.Api.Tests", "RAMLDemo.Api.Tests\RAMLDemo.Api.Tests.csproj", "{1D546DEA-EDE2-425C-9E0F-757EC395F232}"
EndProject
Project("{FAE04EC0-301F-11D3-BF4B-00C04F79EFBC}") = "RAMLDemo.Api", "RAMLDemo.Api\RAMLDemo.Api.csproj", "{24189113-149D-4D36-8A25-D00EB3D71607}"
EndProject
Global
	GlobalSection(SolutionConfigurationPlatforms) = preSolution
		Debug|Any CPU = Debug|Any CPU
		Release|Any CPU = Release|Any CPU
	EndGlobalSection
	GlobalSection(ProjectConfigurationPlatforms) = postSolution
		{1D546DEA-EDE2-425C-9E0F-757EC395F232}.Debug|Any CPU.ActiveCfg = Debug|Any CPU
		{1D546DEA-EDE2-425C-9E0F-757EC395F232}.Debug|Any CPU.Build.0 = Debug|Any CPU
		{1D546DEA-EDE2-425C-9E0F-757EC395F232}.Release|Any CPU.ActiveCfg = Release|Any CPU
		{1D546DEA-EDE2-425C-9E0F-757EC395F232}.Release|Any CPU.Build.0 = Release|Any CPU
		{24189113-149D-4D36-8A25-D00EB3D71607}.Debug|Any CPU.ActiveCfg = Debug|Any CPU
		{24189113-149D-4D36-8A25-D00EB3D71607}.Debug|Any CPU.Build.0 = Debug|Any CPU
		{24189113-149D-4D36-8A25-D00EB3D71607}.Release|Any CPU.ActiveCfg = Release|Any CPU
		{24189113-149D-4D36-8A25-D00EB3D71607}.Release|Any CPU.Build.0 = Release|Any CPU
	EndGlobalSection
	GlobalSection(SolutionProperties) = preSolution
		HideSolutionNode = FALSE
	EndGlobalSection
EndGlobal
